PODS:
  - BAFluidView (0.2.6)
  - BubbleTransition (3.2.0)

DEPENDENCIES:
  - BAFluidView (~> 0.2.6)
  - BubbleTransition (~> 3.2.0)

SPEC REPOS:
  trunk:
    - BAFluidView
    - BubbleTransition

SPEC CHECKSUMS:
  BAFluidView: 4549a74865236c1ebb03fc06cddc979f7e28ac82
  BubbleTransition: 2f112cc19772d9ab199bc850de92f5eb34744bce

PODFILE CHECKSUM: 62f09e518eeb2b0588c7d7553fad88ecbcc6be4e

COCOAPODS: 1.8.4
